
Microsoft Visual Studio Solution File, Format Version 12.00
# Visual Studio Version 17
VisualStudioVersion = 17.2.32210.308
MinimumVisualStudioVersion = 10.0.40219.1
Project("{FAE04EC0-301F-11D3-BF4B-00C04F79EFBC}") = "PaymentApi", "PaymentApi\PaymentApi.csproj", "{56BEA373-9FD9-4376-B194-9D628EBCA08B}"
EndProject
Project("{FAE04EC0-301F-11D3-BF4B-00C04F79EFBC}") = "PaymentApi.UnitTests", "PaymentApi.UnitTests\PaymentApi.UnitTests.csproj", "{94BA43BB-D6F9-4ED5-9AA8-3AA35710F7D7}"
EndProject
Project("{FAE04EC0-301F-11D3-BF4B-00C04F79EFBC}") = "PaymentApplication", "PaymentApplication\PaymentApplication.csproj", "{A00489CC-5A73-44FD-99E4-DCA23331F617}"
EndProject
Project("{FAE04EC0-301F-11D3-BF4B-00C04F79EFBC}") = "PaymentWebClient", "PaymentBrowserClient\PaymentWebClient.csproj", "{F831A446-DD9F-41BC-870F-C32BF94BDF35}"
EndProject
Project("{FAE04EC0-301F-11D3-BF4B-00C04F79EFBC}") = "PaymentConsoleClient", "PaymentConsoleClient\PaymentConsoleClient.csproj", "{327C877A-90AC-40BB-827E-3662FD65571A}"
EndProject
Project("{FAE04EC0-301F-11D3-BF4B-00C04F79EFBC}") = "PaymentCore", "PaymentCore\PaymentCore.csproj", "{FB26AD1D-D574-4221-9D72-8AE23675ACB4}"
EndProject
Project("{FAE04EC0-301F-11D3-BF4B-00C04F79EFBC}") = "PaymentEndToEndTests", "PaymentEndToEndTests\PaymentEndToEndTests.csproj", "{E0407C14-3EAE-4CF3-BBAC-811192DBDDFD}"
EndProject
Project("{FAE04EC0-301F-11D3-BF4B-00C04F79EFBC}") = "PaymentInfrastructure", "PaymentInfrastructure\PaymentInfrastructure.csproj", "{D3C38673-4427-43DB-BE4F-6D45BE0A83B3}"
EndProject
Project("{FAE04EC0-301F-11D3-BF4B-00C04F79EFBC}") = "PaymentWebClient.UiComponentTests", "PaymentWebClient.UiComponentTests\PaymentWebClient.UiComponentTests.csproj", "{605C0C1C-CC23-4FD8-A8FA-02E4D765861A}"
EndProject
Project("{FAE04EC0-301F-11D3-BF4B-00C04F79EFBC}") = "PaymentConsoleClient.UnitTests", "PaymentConsoleClient.UnitTests\PaymentConsoleClient.UnitTests.csproj", "{4AA02CBC-6B25-4EC4-A11F-802A49A92B7C}"
EndProject
Global
	GlobalSection(SolutionConfigurationPlatforms) = preSolution
		Debug|Any CPU = Debug|Any CPU
		Release|Any CPU = Release|Any CPU
		ReleaseWebClient|Any CPU = ReleaseWebClient|Any CPU
		ReleaseConsoleClient|Any CPU = ReleaseConsoleClient|Any CPU
		ReleaseApi|Any CPU = ReleaseApi|Any CPU
		ReleaseAll|Any CPU = ReleaseAll|Any CPU
		EndToEndOnly|Any CPU = EndToEndOnly|Any CPU
	EndGlobalSection
	GlobalSection(ProjectConfigurationPlatforms) = postSolution
		
		{56BEA373-9FD9-4376-B194-9D628EBCA08B}.Debug|Any CPU.ActiveCfg = Debug|Any CPU
		{56BEA373-9FD9-4376-B194-9D628EBCA08B}.Debug|Any CPU.Build.0 = Debug|Any CPU
		{56BEA373-9FD9-4376-B194-9D628EBCA08B}.Release|Any CPU.ActiveCfg = Release|Any CPU
		{56BEA373-9FD9-4376-B194-9D628EBCA08B}.Release|Any CPU.Build.0 = Release|Any CPU
		{56BEA373-9FD9-4376-B194-9D628EBCA08B}.ReleaseWebClient|Any CPU.ActiveCfg = ReleaseWebClient|Any CPU
		{56BEA373-9FD9-4376-B194-9D628EBCA08B}.ReleaseConsoleClient|Any CPU.ActiveCfg = ReleaseConsoleClient|Any CPU
		{56BEA373-9FD9-4376-B194-9D628EBCA08B}.ReleaseApi|Any CPU.ActiveCfg = ReleaseApi|Any CPU
		{56BEA373-9FD9-4376-B194-9D628EBCA08B}.ReleaseApi|Any CPU.Build.0 = ReleaseApi|Any CPU
		{56BEA373-9FD9-4376-B194-9D628EBCA08B}.ReleaseAll|Any CPU.ActiveCfg = ReleaseAll|Any CPU
		{56BEA373-9FD9-4376-B194-9D628EBCA08B}.ReleaseAll|Any CPU.Build.0 = ReleaseAll|Any CPU
		{56BEA373-9FD9-4376-B194-9D628EBCA08B}.EndToEndOnly|Any CPU.ActiveCfg = EndToEndOnly|Any CPU
		{94BA43BB-D6F9-4ED5-9AA8-3AA35710F7D7}.Debug|Any CPU.ActiveCfg = Debug|Any CPU
		{94BA43BB-D6F9-4ED5-9AA8-3AA35710F7D7}.Debug|Any CPU.Build.0 = Debug|Any CPU
		{94BA43BB-D6F9-4ED5-9AA8-3AA35710F7D7}.Release|Any CPU.ActiveCfg = Release|Any CPU
		{94BA43BB-D6F9-4ED5-9AA8-3AA35710F7D7}.Release|Any CPU.Build.0 = Release|Any CPU
		{94BA43BB-D6F9-4ED5-9AA8-3AA35710F7D7}.ReleaseWebClient|Any CPU.ActiveCfg = ReleaseWebClient|Any CPU
		{94BA43BB-D6F9-4ED5-9AA8-3AA35710F7D7}.ReleaseConsoleClient|Any CPU.ActiveCfg = ReleaseConsoleClient|Any CPU
		{94BA43BB-D6F9-4ED5-9AA8-3AA35710F7D7}.ReleaseApi|Any CPU.ActiveCfg = ReleaseApi|Any CPU
		{94BA43BB-D6F9-4ED5-9AA8-3AA35710F7D7}.ReleaseApi|Any CPU.Build.0 = ReleaseApi|Any CPU
		{94BA43BB-D6F9-4ED5-9AA8-3AA35710F7D7}.ReleaseAll|Any CPU.ActiveCfg = ReleaseAll|Any CPU
		{94BA43BB-D6F9-4ED5-9AA8-3AA35710F7D7}.ReleaseAll|Any CPU.Build.0 = ReleaseAll|Any CPU
		{94BA43BB-D6F9-4ED5-9AA8-3AA35710F7D7}.EndToEndOnly|Any CPU.ActiveCfg = EndToEndOnly|Any CPU
		{A00489CC-5A73-44FD-99E4-DCA23331F617}.Debug|Any CPU.ActiveCfg = Debug|Any CPU
		{A00489CC-5A73-44FD-99E4-DCA23331F617}.Debug|Any CPU.Build.0 = Debug|Any CPU
		{A00489CC-5A73-44FD-99E4-DCA23331F617}.Release|Any CPU.ActiveCfg = Release|Any CPU
		{A00489CC-5A73-44FD-99E4-DCA23331F617}.Release|Any CPU.Build.0 = Release|Any CPU
		{A00489CC-5A73-44FD-99E4-DCA23331F617}.ReleaseWebClient|Any CPU.ActiveCfg = ReleaseWebClient|Any CPU
		{A00489CC-5A73-44FD-99E4-DCA23331F617}.ReleaseWebClient|Any CPU.Build.0 = ReleaseWebClient|Any CPU
		{A00489CC-5A73-44FD-99E4-DCA23331F617}.ReleaseConsoleClient|Any CPU.ActiveCfg = ReleaseConsoleClient|Any CPU
		{A00489CC-5A73-44FD-99E4-DCA23331F617}.ReleaseConsoleClient|Any CPU.Build.0 = ReleaseConsoleClient|Any CPU
		{A00489CC-5A73-44FD-99E4-DCA23331F617}.ReleaseApi|Any CPU.ActiveCfg = ReleaseApi|Any CPU
		{A00489CC-5A73-44FD-99E4-DCA23331F617}.ReleaseAll|Any CPU.ActiveCfg = ReleaseAll|Any CPU
		{A00489CC-5A73-44FD-99E4-DCA23331F617}.ReleaseAll|Any CPU.Build.0 = ReleaseAll|Any CPU
		{A00489CC-5A73-44FD-99E4-DCA23331F617}.EndToEndOnly|Any CPU.ActiveCfg = EndToEndOnly|Any CPU
		{F831A446-DD9F-41BC-870F-C32BF94BDF35}.Debug|Any CPU.ActiveCfg = Debug|Any CPU
		{F831A446-DD9F-41BC-870F-C32BF94BDF35}.Debug|Any CPU.Build.0 = Debug|Any CPU
		{F831A446-DD9F-41BC-870F-C32BF94BDF35}.Release|Any CPU.ActiveCfg = Release|Any CPU
		{F831A446-DD9F-41BC-870F-C32BF94BDF35}.Release|Any CPU.Build.0 = Release|Any CPU
		{F831A446-DD9F-41BC-870F-C32BF94BDF35}.ReleaseWebClient|Any CPU.ActiveCfg = ReleaseWebClient|Any CPU
		{F831A446-DD9F-41BC-870F-C32BF94BDF35}.ReleaseWebClient|Any CPU.Build.0 = ReleaseWebClient|Any CPU
		{F831A446-DD9F-41BC-870F-C32BF94BDF35}.ReleaseConsoleClient|Any CPU.ActiveCfg = ReleaseConsoleClient|Any CPU
		{F831A446-DD9F-41BC-870F-C32BF94BDF35}.ReleaseApi|Any CPU.ActiveCfg = ReleaseApi|Any CPU
		{F831A446-DD9F-41BC-870F-C32BF94BDF35}.ReleaseAll|Any CPU.ActiveCfg = ReleaseAll|Any CPU
		{F831A446-DD9F-41BC-870F-C32BF94BDF35}.ReleaseAll|Any CPU.Build.0 = ReleaseAll|Any CPU
		{F831A446-DD9F-41BC-870F-C32BF94BDF35}.EndToEndOnly|Any CPU.ActiveCfg = EndToEndOnly|Any CPU
		{327C877A-90AC-40BB-827E-3662FD65571A}.Debug|Any CPU.ActiveCfg = Debug|Any CPU
		{327C877A-90AC-40BB-827E-3662FD65571A}.Debug|Any CPU.Build.0 = Debug|Any CPU
		{327C877A-90AC-40BB-827E-3662FD65571A}.Release|Any CPU.ActiveCfg = Release|Any CPU
		{327C877A-90AC-40BB-827E-3662FD65571A}.Release|Any CPU.Build.0 = Release|Any CPU
		{327C877A-90AC-40BB-827E-3662FD65571A}.ReleaseWebClient|Any CPU.ActiveCfg = ReleaseWebClient|Any CPU
		{327C877A-90AC-40BB-827E-3662FD65571A}.ReleaseConsoleClient|Any CPU.ActiveCfg = ReleaseConsoleClient|Any CPU
		{327C877A-90AC-40BB-827E-3662FD65571A}.ReleaseConsoleClient|Any CPU.Build.0 = ReleaseConsoleClient|Any CPU
		{327C877A-90AC-40BB-827E-3662FD65571A}.ReleaseApi|Any CPU.ActiveCfg = ReleaseApi|Any CPU
		{327C877A-90AC-40BB-827E-3662FD65571A}.ReleaseAll|Any CPU.ActiveCfg = ReleaseAll|Any CPU
		{327C877A-90AC-40BB-827E-3662FD65571A}.ReleaseAll|Any CPU.Build.0 = ReleaseAll|Any CPU
		{327C877A-90AC-40BB-827E-3662FD65571A}.EndToEndOnly|Any CPU.ActiveCfg = EndToEndOnly|Any CPU
		{FB26AD1D-D574-4221-9D72-8AE23675ACB4}.Debug|Any CPU.ActiveCfg = Debug|Any CPU
		{FB26AD1D-D574-4221-9D72-8AE23675ACB4}.Debug|Any CPU.Build.0 = Debug|Any CPU
		{FB26AD1D-D574-4221-9D72-8AE23675ACB4}.Release|Any CPU.ActiveCfg = Release|Any CPU
		{FB26AD1D-D574-4221-9D72-8AE23675ACB4}.Release|Any CPU.Build.0 = Release|Any CPU
		{FB26AD1D-D574-4221-9D72-8AE23675ACB4}.ReleaseWebClient|Any CPU.ActiveCfg = ReleaseWebClient|Any CPU
		{FB26AD1D-D574-4221-9D72-8AE23675ACB4}.ReleaseWebClient|Any CPU.Build.0 = ReleaseWebClient|Any CPU
		{FB26AD1D-D574-4221-9D72-8AE23675ACB4}.ReleaseConsoleClient|Any CPU.ActiveCfg = ReleaseConsoleClient|Any CPU
		{FB26AD1D-D574-4221-9D72-8AE23675ACB4}.ReleaseConsoleClient|Any CPU.Build.0 = ReleaseConsoleClient|Any CPU
		{FB26AD1D-D574-4221-9D72-8AE23675ACB4}.ReleaseApi|Any CPU.ActiveCfg = ReleaseApi|Any CPU
		{FB26AD1D-D574-4221-9D72-8AE23675ACB4}.ReleaseApi|Any CPU.Build.0 = ReleaseApi|Any CPU
		{FB26AD1D-D574-4221-9D72-8AE23675ACB4}.ReleaseAll|Any CPU.ActiveCfg = ReleaseAll|Any CPU
		{FB26AD1D-D574-4221-9D72-8AE23675ACB4}.ReleaseAll|Any CPU.Build.0 = ReleaseAll|Any CPU
		{FB26AD1D-D574-4221-9D72-8AE23675ACB4}.EndToEndOnly|Any CPU.ActiveCfg = EndToEndOnly|Any CPU
		{E0407C14-3EAE-4CF3-BBAC-811192DBDDFD}.Debug|Any CPU.ActiveCfg = Debug|Any CPU
		{E0407C14-3EAE-4CF3-BBAC-811192DBDDFD}.Debug|Any CPU.Build.0 = Debug|Any CPU
		{E0407C14-3EAE-4CF3-BBAC-811192DBDDFD}.Release|Any CPU.ActiveCfg = Release|Any CPU
		{E0407C14-3EAE-4CF3-BBAC-811192DBDDFD}.Release|Any CPU.Build.0 = Release|Any CPU
		{E0407C14-3EAE-4CF3-BBAC-811192DBDDFD}.ReleaseWebClient|Any CPU.ActiveCfg = ReleaseWebClient|Any CPU
		{E0407C14-3EAE-4CF3-BBAC-811192DBDDFD}.ReleaseConsoleClient|Any CPU.ActiveCfg = ReleaseConsoleClient|Any CPU
		{E0407C14-3EAE-4CF3-BBAC-811192DBDDFD}.ReleaseApi|Any CPU.ActiveCfg = ReleaseApi|Any CPU
		{E0407C14-3EAE-4CF3-BBAC-811192DBDDFD}.ReleaseAll|Any CPU.ActiveCfg = ReleaseAll|Any CPU
		{E0407C14-3EAE-4CF3-BBAC-811192DBDDFD}.ReleaseAll|Any CPU.Build.0 = ReleaseAll|Any CPU
		{E0407C14-3EAE-4CF3-BBAC-811192DBDDFD}.EndToEndOnly|Any CPU.ActiveCfg = EndToEndOnly|Any CPU
		{E0407C14-3EAE-4CF3-BBAC-811192DBDDFD}.EndToEndOnly|Any CPU.Build.0 = EndToEndOnly|Any CPU
		{D3C38673-4427-43DB-BE4F-6D45BE0A83B3}.Debug|Any CPU.ActiveCfg = Debug|Any CPU
		{D3C38673-4427-43DB-BE4F-6D45BE0A83B3}.Debug|Any CPU.Build.0 = Debug|Any CPU
		{D3C38673-4427-43DB-BE4F-6D45BE0A83B3}.Release|Any CPU.ActiveCfg = Release|Any CPU
		{D3C38673-4427-43DB-BE4F-6D45BE0A83B3}.Release|Any CPU.Build.0 = Release|Any CPU
		{D3C38673-4427-43DB-BE4F-6D45BE0A83B3}.ReleaseWebClient|Any CPU.ActiveCfg = ReleaseWebClient|Any CPU
		{D3C38673-4427-43DB-BE4F-6D45BE0A83B3}.ReleaseConsoleClient|Any CPU.ActiveCfg = ReleaseConsoleClient|Any CPU
		{D3C38673-4427-43DB-BE4F-6D45BE0A83B3}.ReleaseApi|Any CPU.ActiveCfg = ReleaseApi|Any CPU
		{D3C38673-4427-43DB-BE4F-6D45BE0A83B3}.ReleaseApi|Any CPU.Build.0 = ReleaseApi|Any CPU
		{D3C38673-4427-43DB-BE4F-6D45BE0A83B3}.ReleaseAll|Any CPU.ActiveCfg = ReleaseAll|Any CPU
		{D3C38673-4427-43DB-BE4F-6D45BE0A83B3}.ReleaseAll|Any CPU.Build.0 = ReleaseAll|Any CPU
		{D3C38673-4427-43DB-BE4F-6D45BE0A83B3}.EndToEndOnly|Any CPU.ActiveCfg = EndToEndOnly|Any CPU
		{605C0C1C-CC23-4FD8-A8FA-02E4D765861A}.Debug|Any CPU.ActiveCfg = Debug|Any CPU
		{605C0C1C-CC23-4FD8-A8FA-02E4D765861A}.Debug|Any CPU.Build.0 = Debug|Any CPU
		{605C0C1C-CC23-4FD8-A8FA-02E4D765861A}.Release|Any CPU.ActiveCfg = Release|Any CPU
		{605C0C1C-CC23-4FD8-A8FA-02E4D765861A}.Release|Any CPU.Build.0 = Release|Any CPU
		{605C0C1C-CC23-4FD8-A8FA-02E4D765861A}.ReleaseWebClient|Any CPU.ActiveCfg = ReleaseWebClient|Any CPU
		{605C0C1C-CC23-4FD8-A8FA-02E4D765861A}.ReleaseWebClient|Any CPU.Build.0 = ReleaseWebClient|Any CPU
		{605C0C1C-CC23-4FD8-A8FA-02E4D765861A}.ReleaseConsoleClient|Any CPU.ActiveCfg = ReleaseConsoleClient|Any CPU
		{605C0C1C-CC23-4FD8-A8FA-02E4D765861A}.ReleaseApi|Any CPU.ActiveCfg = ReleaseApi|Any CPU
		{605C0C1C-CC23-4FD8-A8FA-02E4D765861A}.ReleaseAll|Any CPU.ActiveCfg = ReleaseAll|Any CPU
		{605C0C1C-CC23-4FD8-A8FA-02E4D765861A}.ReleaseAll|Any CPU.Build.0 = ReleaseAll|Any CPU
		{605C0C1C-CC23-4FD8-A8FA-02E4D765861A}.EndToEndOnly|Any CPU.ActiveCfg = EndToEndOnly|Any CPU
		{4AA02CBC-6B25-4EC4-A11F-802A49A92B7C}.Debug|Any CPU.ActiveCfg = Debug|Any CPU
		{4AA02CBC-6B25-4EC4-A11F-802A49A92B7C}.Debug|Any CPU.Build.0 = Debug|Any CPU
		{4AA02CBC-6B25-4EC4-A11F-802A49A92B7C}.Release|Any CPU.ActiveCfg = Release|Any CPU
		{4AA02CBC-6B25-4EC4-A11F-802A49A92B7C}.Release|Any CPU.Build.0 = Release|Any CPU
		{4AA02CBC-6B25-4EC4-A11F-802A49A92B7C}.ReleaseWebClient|Any CPU.ActiveCfg = Debug|Any CPU
		{4AA02CBC-6B25-4EC4-A11F-802A49A92B7C}.ReleaseConsoleClient|Any CPU.ActiveCfg = Debug|Any CPU
		{4AA02CBC-6B25-4EC4-A11F-802A49A92B7C}.ReleaseConsoleClient|Any CPU.Build.0 = Debug|Any CPU
		{4AA02CBC-6B25-4EC4-A11F-802A49A92B7C}.ReleaseApi|Any CPU.ActiveCfg = Debug|Any CPU
		{4AA02CBC-6B25-4EC4-A11F-802A49A92B7C}.ReleaseAll|Any CPU.ActiveCfg = Debug|Any CPU
		{4AA02CBC-6B25-4EC4-A11F-802A49A92B7C}.ReleaseAll|Any CPU.Build.0 = Debug|Any CPU
		{4AA02CBC-6B25-4EC4-A11F-802A49A92B7C}.EndToEndOnly|Any CPU.ActiveCfg = EndToEndOnly|Any CPU
	EndGlobalSection
	GlobalSection(SolutionProperties) = preSolution
		HideSolutionNode = FALSE
	EndGlobalSection
	GlobalSection(NestedProjects) = preSolution
	EndGlobalSection
	GlobalSection(ExtensibilityGlobals) = postSolution
		SolutionGuid = {371E17F1-E321-4367-BE7C-888EA8B4D961}
	EndGlobalSection
EndGlobal
